
Microsoft Visual Studio Solution File, Format Version 12.00
# Visual Studio Version 16
VisualStudioVersion = 16.0.31005.135
MinimumVisualStudioVersion = 10.0.40219.1
Project("{FAE04EC0-301F-11D3-BF4B-00C04F79EFBC}") = "HMI", "HMI.csproj", "{24C07871-6124-4C35-BA70-881C67937F1C}"
EndProject
Global
	GlobalSection(SolutionConfigurationPlatforms) = preSolution
		Debug|Any CPU = Debug|Any CPU
		Release|Any CPU = Release|Any CPU
	EndGlobalSection
	GlobalSection(ProjectConfigurationPlatforms) = postSolution
		{24C07871-6124-4C35-BA70-881C67937F1C}.Debug|Any CPU.ActiveCfg = Debug|Any CPU
		{24C07871-6124-4C35-BA70-881C67937F1C}.Debug|Any CPU.Build.0 = Debug|Any CPU
		{24C07871-6124-4C35-BA70-881C67937F1C}.Release|Any CPU.ActiveCfg = Release|Any CPU
		{24C07871-6124-4C35-BA70-881C67937F1C}.Release|Any CPU.Build.0 = Release|Any CPU
	EndGlobalSection
	GlobalSection(SolutionProperties) = preSolution
		HideSolutionNode = FALSE
	EndGlobalSection
	GlobalSection(ExtensibilityGlobals) = postSolution
		SolutionGuid = {8000E8D2-93E0-4147-B641-8E706D8EC4EC}
	EndGlobalSection
EndGlobal
